
Microsoft Visual Studio Solution File, Format Version 12.00
# Visual Studio Version 17
VisualStudioVersion = 17.9.34607.119
MinimumVisualStudioVersion = 10.0.40219.1
Project("{2150E333-8FDC-42A3-9474-1A3956D46DE8}") = "src", "src", "{5CD9691E-0CB6-4DBE-801E-B8AADF16ADCA}"
EndProject
Project("{9A19103F-16F7-4668-BE54-9A1E7A4F7556}") = "StartersConsole", "StartersConsole\StartersConsole.csproj", "{2FE55008-AAD7-4AFA-B41A-08741BE17AA9}"
EndProject
Project("{9A19103F-16F7-4668-BE54-9A1E7A4F7556}") = "StarterLibrary", "StarterLibrary\StarterLibrary.csproj", "{CF7EEF7A-4378-4DB2-B7DB-05F90B3CFF37}"
EndProject
Project("{9A19103F-16F7-4668-BE54-9A1E7A4F7556}") = "StarterTest", "StarterTest\StarterTest.csproj", "{5ECC8402-B65D-4228-AC5E-F023E48DA67A}"
EndProject
Project("{2150E333-8FDC-42A3-9474-1A3956D46DE8}") = "Components", "Components", "{B4E07D3F-007C-4DA1-A88F-C8599413D1F7}"
EndProject
Project("{2150E333-8FDC-42A3-9474-1A3956D46DE8}") = "Library", "Library", "{34499D58-4C78-482E-A324-59675F20912A}"
EndProject
Project("{9A19103F-16F7-4668-BE54-9A1E7A4F7556}") = "Library.Grpc.Contract", "Library.Grpc.Contract\Library.Grpc.Contract.csproj", "{D862CE7E-6740-49C8-A742-C6575E0DD9EC}"
EndProject
Project("{9A19103F-16F7-4668-BE54-9A1E7A4F7556}") = "Library.Grpc", "Library.Grpc\Library.Grpc.csproj", "{C5917A7D-ADD5-4FC9-9024-1AF37A87DB03}"
EndProject
Project("{9A19103F-16F7-4668-BE54-9A1E7A4F7556}") = "Library.DataModel", "Library.DataModel\Library.DataModel.csproj", "{B1A1719E-02CE-40A0-8BD5-40729676BBC1}"
EndProject
Project("{9A19103F-16F7-4668-BE54-9A1E7A4F7556}") = "Library.Api", "Library.Api\Library.Api.csproj", "{C9F40B49-A5B6-4C59-A6C4-131518F08343}"
EndProject
Project("{9A19103F-16F7-4668-BE54-9A1E7A4F7556}") = "Library.Service", "Library.Service\Library.Service.csproj", "{DCE9B7DF-6557-4462-87E6-144AFEB4030C}"
EndProject
Project("{E53339B2-1760-4266-BCC7-CA923CBCF16C}") = "docker-compose", "docker-compose.dcproj", "{1738B6F6-0BDF-49EE-BFC8-561BCC51327C}"
EndProject
Global
	GlobalSection(SolutionConfigurationPlatforms) = preSolution
		Debug|Any CPU = Debug|Any CPU
		Release|Any CPU = Release|Any CPU
	EndGlobalSection
	GlobalSection(ProjectConfigurationPlatforms) = postSolution
		{2FE55008-AAD7-4AFA-B41A-08741BE17AA9}.Debug|Any CPU.ActiveCfg = Debug|Any CPU
		{2FE55008-AAD7-4AFA-B41A-08741BE17AA9}.Debug|Any CPU.Build.0 = Debug|Any CPU
		{2FE55008-AAD7-4AFA-B41A-08741BE17AA9}.Release|Any CPU.ActiveCfg = Release|Any CPU
		{2FE55008-AAD7-4AFA-B41A-08741BE17AA9}.Release|Any CPU.Build.0 = Release|Any CPU
		{CF7EEF7A-4378-4DB2-B7DB-05F90B3CFF37}.Debug|Any CPU.ActiveCfg = Debug|Any CPU
		{CF7EEF7A-4378-4DB2-B7DB-05F90B3CFF37}.Debug|Any CPU.Build.0 = Debug|Any CPU
		{CF7EEF7A-4378-4DB2-B7DB-05F90B3CFF37}.Release|Any CPU.ActiveCfg = Release|Any CPU
		{CF7EEF7A-4378-4DB2-B7DB-05F90B3CFF37}.Release|Any CPU.Build.0 = Release|Any CPU
		{5ECC8402-B65D-4228-AC5E-F023E48DA67A}.Debug|Any CPU.ActiveCfg = Debug|Any CPU
		{5ECC8402-B65D-4228-AC5E-F023E48DA67A}.Debug|Any CPU.Build.0 = Debug|Any CPU
		{5ECC8402-B65D-4228-AC5E-F023E48DA67A}.Release|Any CPU.ActiveCfg = Release|Any CPU
		{5ECC8402-B65D-4228-AC5E-F023E48DA67A}.Release|Any CPU.Build.0 = Release|Any CPU
		{D862CE7E-6740-49C8-A742-C6575E0DD9EC}.Debug|Any CPU.ActiveCfg = Debug|Any CPU
		{D862CE7E-6740-49C8-A742-C6575E0DD9EC}.Debug|Any CPU.Build.0 = Debug|Any CPU
		{D862CE7E-6740-49C8-A742-C6575E0DD9EC}.Release|Any CPU.ActiveCfg = Release|Any CPU
		{D862CE7E-6740-49C8-A742-C6575E0DD9EC}.Release|Any CPU.Build.0 = Release|Any CPU
		{C5917A7D-ADD5-4FC9-9024-1AF37A87DB03}.Debug|Any CPU.ActiveCfg = Debug|Any CPU
		{C5917A7D-ADD5-4FC9-9024-1AF37A87DB03}.Debug|Any CPU.Build.0 = Debug|Any CPU
		{C5917A7D-ADD5-4FC9-9024-1AF37A87DB03}.Release|Any CPU.ActiveCfg = Release|Any CPU
		{C5917A7D-ADD5-4FC9-9024-1AF37A87DB03}.Release|Any CPU.Build.0 = Release|Any CPU
		{B1A1719E-02CE-40A0-8BD5-40729676BBC1}.Debug|Any CPU.ActiveCfg = Debug|Any CPU
		{B1A1719E-02CE-40A0-8BD5-40729676BBC1}.Debug|Any CPU.Build.0 = Debug|Any CPU
		{B1A1719E-02CE-40A0-8BD5-40729676BBC1}.Release|Any CPU.ActiveCfg = Release|Any CPU
		{B1A1719E-02CE-40A0-8BD5-40729676BBC1}.Release|Any CPU.Build.0 = Release|Any CPU
		{C9F40B49-A5B6-4C59-A6C4-131518F08343}.Debug|Any CPU.ActiveCfg = Debug|Any CPU
		{C9F40B49-A5B6-4C59-A6C4-131518F08343}.Debug|Any CPU.Build.0 = Debug|Any CPU
		{C9F40B49-A5B6-4C59-A6C4-131518F08343}.Release|Any CPU.ActiveCfg = Release|Any CPU
		{C9F40B49-A5B6-4C59-A6C4-131518F08343}.Release|Any CPU.Build.0 = Release|Any CPU
		{DCE9B7DF-6557-4462-87E6-144AFEB4030C}.Debug|Any CPU.ActiveCfg = Debug|Any CPU
		{DCE9B7DF-6557-4462-87E6-144AFEB4030C}.Debug|Any CPU.Build.0 = Debug|Any CPU
		{DCE9B7DF-6557-4462-87E6-144AFEB4030C}.Release|Any CPU.ActiveCfg = Release|Any CPU
		{DCE9B7DF-6557-4462-87E6-144AFEB4030C}.Release|Any CPU.Build.0 = Release|Any CPU
		{1738B6F6-0BDF-49EE-BFC8-561BCC51327C}.Debug|Any CPU.ActiveCfg = Debug|Any CPU
		{1738B6F6-0BDF-49EE-BFC8-561BCC51327C}.Debug|Any CPU.Build.0 = Debug|Any CPU
		{1738B6F6-0BDF-49EE-BFC8-561BCC51327C}.Release|Any CPU.ActiveCfg = Release|Any CPU
		{1738B6F6-0BDF-49EE-BFC8-561BCC51327C}.Release|Any CPU.Build.0 = Release|Any CPU
	EndGlobalSection
	GlobalSection(SolutionProperties) = preSolution
		HideSolutionNode = FALSE
	EndGlobalSection
	GlobalSection(NestedProjects) = preSolution
		{2FE55008-AAD7-4AFA-B41A-08741BE17AA9} = {5CD9691E-0CB6-4DBE-801E-B8AADF16ADCA}
		{CF7EEF7A-4378-4DB2-B7DB-05F90B3CFF37} = {B4E07D3F-007C-4DA1-A88F-C8599413D1F7}
		{5ECC8402-B65D-4228-AC5E-F023E48DA67A} = {5CD9691E-0CB6-4DBE-801E-B8AADF16ADCA}
		{B4E07D3F-007C-4DA1-A88F-C8599413D1F7} = {5CD9691E-0CB6-4DBE-801E-B8AADF16ADCA}
		{34499D58-4C78-482E-A324-59675F20912A} = {5CD9691E-0CB6-4DBE-801E-B8AADF16ADCA}
		{D862CE7E-6740-49C8-A742-C6575E0DD9EC} = {34499D58-4C78-482E-A324-59675F20912A}
		{C5917A7D-ADD5-4FC9-9024-1AF37A87DB03} = {34499D58-4C78-482E-A324-59675F20912A}
		{B1A1719E-02CE-40A0-8BD5-40729676BBC1} = {34499D58-4C78-482E-A324-59675F20912A}
		{C9F40B49-A5B6-4C59-A6C4-131518F08343} = {34499D58-4C78-482E-A324-59675F20912A}
		{DCE9B7DF-6557-4462-87E6-144AFEB4030C} = {34499D58-4C78-482E-A324-59675F20912A}
	EndGlobalSection
	GlobalSection(ExtensibilityGlobals) = postSolution
		SolutionGuid = {0B55D392-4413-4E49-A50B-C52A0864F590}
	EndGlobalSection
EndGlobal
